{
  "version": 4,
  "terraform_version": "1.10.5",
  "serial": 83,
  "lineage": "a1c290ca-d164-6c4e-4e9a-07069ab8819b",
  "outputs": {},
  "resources": [
    {
      "module": "module.cicd",
      "mode": "data",
      "type": "aws_caller_identity",
      "name": "current",
      "provider": "provider[\"registry.terraform.io/hashicorp/aws\"]",
      "instances": [
        {
          "schema_version": 0,
          "attributes": {
            "account_id": "534249315747",
            "arn": "arn:aws:iam::534249315747:user/devopscodelab-assessment",
            "id": "534249315747",
            "user_id": "AIDAXYY55TWR6KS7HE7UI"
          },
          "sensitive_attributes": []
        }
      ]
    },
    {
      "module": "module.cicd",
      "mode": "managed",
      "type": "aws_s3_bucket",
      "name": "artifacts",
      "provider": "provider[\"registry.terraform.io/hashicorp/aws\"]",
      "instances": [
        {
          "schema_version": 0,
          "attributes": {
            "acceleration_status": "",
            "acl": null,
            "arn": "arn:aws:s3:::pflegia-artifacts-534249315747",
            "bucket": "pflegia-artifacts-534249315747",
            "bucket_domain_name": "pflegia-artifacts-534249315747.s3.amazonaws.com",
            "bucket_prefix": "",
            "bucket_regional_domain_name": "pflegia-artifacts-534249315747.s3.us-east-1.amazonaws.com",
            "cors_rule": [],
            "force_destroy": false,
            "grant": [
              {
                "id": "0a58119beee9c87321b1ef5075af589542e78b2847bded84429900e933be95c0",
                "permissions": [
                  "FULL_CONTROL"
                ],
                "type": "CanonicalUser",
                "uri": ""
              }
            ],
            "hosted_zone_id": "Z3AQBSTGFYJSTF",
            "id": "pflegia-artifacts-534249315747",
            "lifecycle_rule": [],
            "logging": [],
            "object_lock_configuration": [],
            "object_lock_enabled": false,
            "policy": "",
            "region": "us-east-1",
            "replication_configuration": [],
            "request_payer": "BucketOwner",
            "server_side_encryption_configuration": [
              {
                "rule": [
                  {
                    "apply_server_side_encryption_by_default": [
                      {
                        "kms_master_key_id": "",
                        "sse_algorithm": "AES256"
                      }
                    ],
                    "bucket_key_enabled": false
                  }
                ]
              }
            ],
            "tags": {
              "Environment": "production",
              "Name": "pflegia-artifacts"
            },
            "tags_all": {
              "Environment": "production",
              "Name": "pflegia-artifacts"
            },
            "timeouts": null,
            "versioning": [
              {
                "enabled": false,
                "mfa_delete": false
              }
            ],
            "website": [],
            "website_domain": null,
            "website_endpoint": null
          },
          "sensitive_attributes": [],
          "private": "eyJlMmJmYjczMC1lY2FhLTExZTYtOGY4OC0zNDM2M2JjN2M0YzAiOnsiY3JlYXRlIjoxMjAwMDAwMDAwMDAwLCJkZWxldGUiOjM2MDAwMDAwMDAwMDAsInJlYWQiOjEyMDAwMDAwMDAwMDAsInVwZGF0ZSI6MTIwMDAwMDAwMDAwMH19",
          "dependencies": [
            "module.cicd.data.aws_caller_identity.current"
          ]
        }
      ]
    }
  ],
  "check_results": null
}
